
Microsoft Visual Studio Solution File, Format Version 12.00
# Visual Studio 15
VisualStudioVersion = 15.0.28010.2019
MinimumVisualStudioVersion = 10.0.40219.1
Project("{8BC9CEB8-8B4A-11D0-8D11-00A0C91BC942}") = "PoiskTest", "PoiskTest\PoiskTest.vcxproj", "{DFBF47D3-AE76-4422-9EA0-3060F69B6903}"
EndProject
Global
	GlobalSection(SolutionConfigurationPlatforms) = preSolution
		Debug|x64 = Debug|x64
		Debug|x86 = Debug|x86
		Release|x64 = Release|x64
		Release|x86 = Release|x86
	EndGlobalSection
	GlobalSection(ProjectConfigurationPlatforms) = postSolution
		{DFBF47D3-AE76-4422-9EA0-3060F69B6903}.Debug|x64.ActiveCfg = Debug|x64
		{DFBF47D3-AE76-4422-9EA0-3060F69B6903}.Debug|x64.Build.0 = Debug|x64
		{DFBF47D3-AE76-4422-9EA0-3060F69B6903}.Debug|x86.ActiveCfg = Debug|Win32
		{DFBF47D3-AE76-4422-9EA0-3060F69B6903}.Debug|x86.Build.0 = Debug|Win32
		{DFBF47D3-AE76-4422-9EA0-3060F69B6903}.Release|x64.ActiveCfg = Release|x64
		{DFBF47D3-AE76-4422-9EA0-3060F69B6903}.Release|x64.Build.0 = Release|x64
		{DFBF47D3-AE76-4422-9EA0-3060F69B6903}.Release|x86.ActiveCfg = Release|Win32
		{DFBF47D3-AE76-4422-9EA0-3060F69B6903}.Release|x86.Build.0 = Release|Win32
	EndGlobalSection
	GlobalSection(SolutionProperties) = preSolution
		HideSolutionNode = FALSE
	EndGlobalSection
	GlobalSection(ExtensibilityGlobals) = postSolution
		SolutionGuid = {054BF1D9-245D-43A1-9B48-FF9D30BC6CEA}
	EndGlobalSection
EndGlobal
